
Microsoft Visual Studio Solution File, Format Version 12.00
# Visual Studio Version 17
VisualStudioVersion = 17.0.32002.185
MinimumVisualStudioVersion = 10.0.40219.1
Project("{9A19103F-16F7-4668-BE54-9A1E7A4F7556}") = "app", "app\app.csproj", "{E55D2969-483A-4570-903B-260B2F1443A9}"
EndProject
Project("{9A19103F-16F7-4668-BE54-9A1E7A4F7556}") = "app.Datalayer", "app.datalayer\app.Datalayer.csproj", "{BE2055CC-64CA-46C9-88C7-01444A7F6C46}"
EndProject
Project("{9A19103F-16F7-4668-BE54-9A1E7A4F7556}") = "app.Application", "app.application\app.Application.csproj", "{A78AE988-4297-4A98-BBAC-56054ABF5B52}"
EndProject
Project("{9A19103F-16F7-4668-BE54-9A1E7A4F7556}") = "app.ViewModels", "app.ViewModels\app.ViewModels.csproj", "{8DB004FE-1A3F-49D3-9CED-81E320024250}"
EndProject
Project("{9A19103F-16F7-4668-BE54-9A1E7A4F7556}") = "app.Entities", "app.Entities\app.Entities.csproj", "{21DBA06E-42DD-4605-9E6D-B5F862F0CC32}"
EndProject
Global
	GlobalSection(SolutionConfigurationPlatforms) = preSolution
		Debug|Any CPU = Debug|Any CPU
		Release|Any CPU = Release|Any CPU
	EndGlobalSection
	GlobalSection(ProjectConfigurationPlatforms) = postSolution
		{E55D2969-483A-4570-903B-260B2F1443A9}.Debug|Any CPU.ActiveCfg = Debug|Any CPU
		{E55D2969-483A-4570-903B-260B2F1443A9}.Debug|Any CPU.Build.0 = Debug|Any CPU
		{E55D2969-483A-4570-903B-260B2F1443A9}.Release|Any CPU.ActiveCfg = Release|Any CPU
		{E55D2969-483A-4570-903B-260B2F1443A9}.Release|Any CPU.Build.0 = Release|Any CPU
		{BE2055CC-64CA-46C9-88C7-01444A7F6C46}.Debug|Any CPU.ActiveCfg = Debug|Any CPU
		{BE2055CC-64CA-46C9-88C7-01444A7F6C46}.Debug|Any CPU.Build.0 = Debug|Any CPU
		{BE2055CC-64CA-46C9-88C7-01444A7F6C46}.Release|Any CPU.ActiveCfg = Release|Any CPU
		{BE2055CC-64CA-46C9-88C7-01444A7F6C46}.Release|Any CPU.Build.0 = Release|Any CPU
		{A78AE988-4297-4A98-BBAC-56054ABF5B52}.Debug|Any CPU.ActiveCfg = Debug|Any CPU
		{A78AE988-4297-4A98-BBAC-56054ABF5B52}.Debug|Any CPU.Build.0 = Debug|Any CPU
		{A78AE988-4297-4A98-BBAC-56054ABF5B52}.Release|Any CPU.ActiveCfg = Release|Any CPU
		{A78AE988-4297-4A98-BBAC-56054ABF5B52}.Release|Any CPU.Build.0 = Release|Any CPU
		{8DB004FE-1A3F-49D3-9CED-81E320024250}.Debug|Any CPU.ActiveCfg = Debug|Any CPU
		{8DB004FE-1A3F-49D3-9CED-81E320024250}.Debug|Any CPU.Build.0 = Debug|Any CPU
		{8DB004FE-1A3F-49D3-9CED-81E320024250}.Release|Any CPU.ActiveCfg = Release|Any CPU
		{8DB004FE-1A3F-49D3-9CED-81E320024250}.Release|Any CPU.Build.0 = Release|Any CPU
		{21DBA06E-42DD-4605-9E6D-B5F862F0CC32}.Debug|Any CPU.ActiveCfg = Debug|Any CPU
		{21DBA06E-42DD-4605-9E6D-B5F862F0CC32}.Debug|Any CPU.Build.0 = Debug|Any CPU
		{21DBA06E-42DD-4605-9E6D-B5F862F0CC32}.Release|Any CPU.ActiveCfg = Release|Any CPU
		{21DBA06E-42DD-4605-9E6D-B5F862F0CC32}.Release|Any CPU.Build.0 = Release|Any CPU
	EndGlobalSection
	GlobalSection(SolutionProperties) = preSolution
		HideSolutionNode = FALSE
	EndGlobalSection
	GlobalSection(ExtensibilityGlobals) = postSolution
		SolutionGuid = {31E1F204-1CF2-431F-A666-88AE1DADA094}
	EndGlobalSection
EndGlobal
